# @generated by Move, please check-in and do not edit manually.

[move]
version = 3
manifest_digest = "7E0574C6AB8B00D40594C6DE1BC83D4B367C57CEF7AAE51C75BFA36F3559AD2B"
deps_digest = "F8BBB0CCB2491CA29A3DF03D6F92277A4F3574266507ACD77214D37ECA3F3082"
dependencies = [
  { id = "Sui", name = "Sui" },
]

[[move.package]]
id = "MoveStdlib"
source = { git = "https://github.com/MystenLabs/sui.git", rev = "framework/testnet", subdir = "crates\\sui-framework\\packages\\move-stdlib" }

[[move.package]]
id = "Sui"
source = { git = "https://github.com/MystenLabs/sui.git", rev = "framework/testnet", subdir = "crates/sui-framework/packages/sui-framework" }

dependencies = [
  { id = "MoveStdlib", name = "MoveStdlib" },
]

[move.toolchain-version]
compiler-version = "1.44.2"
edition = "2024.beta"
flavor = "sui"

[env]

[env.testnet]
chain-id = "4c78adac"
original-published-id = "0x6184698146aaf112bdea0ec00b53bf86a491a39f800905f8f03058aabbecc3f6"
latest-published-id = "0x6184698146aaf112bdea0ec00b53bf86a491a39f800905f8f03058aabbecc3f6"
published-version = "1"

[env.devnet]
chain-id = "6ee96fc3"
original-published-id = "0xf258a522356b0cd8efe06908d79ffd7176f82e0ce8ecd4993ed73e1ef24fa990"
latest-published-id = "0xf258a522356b0cd8efe06908d79ffd7176f82e0ce8ecd4993ed73e1ef24fa990"
published-version = "1"
